
Microsoft Visual Studio Solution File, Format Version 12.00
# Visual Studio 15
VisualStudioVersion = 15.0.27004.2006
MinimumVisualStudioVersion = 10.0.40219.1
Project("{FAE04EC0-301F-11D3-BF4B-00C04F79EFBC}") = "P01_RhombusOfStars", "P01_RhombusOfStars\P01_RhombusOfStars.csproj", "{9E25A400-3C5D-4D81-870B-07EAA295CC5A}"
EndProject
Project("{FAE04EC0-301F-11D3-BF4B-00C04F79EFBC}") = "P02_PointInRectangle", "P02_PointInRectangle\P02_PointInRectangle.csproj", "{3BFD8D2B-7051-4DE9-ACE4-90C536DE7AB4}"
EndProject
Project("{FAE04EC0-301F-11D3-BF4B-00C04F79EFBC}") = "P03_StudentSystem", "P03_StudentSystem\P03_StudentSystem.csproj", "{60542DFC-BAA0-45FE-8391-8181ACD1E46C}"
EndProject
Project("{FAE04EC0-301F-11D3-BF4B-00C04F79EFBC}") = "P04_HotelReservation", "P04_HotelReservation\P04_HotelReservation.csproj", "{61781C27-892A-49AC-AFE2-4973F92DBF22}"
EndProject
Global
	GlobalSection(SolutionConfigurationPlatforms) = preSolution
		Debug|Any CPU = Debug|Any CPU
		Release|Any CPU = Release|Any CPU
	EndGlobalSection
	GlobalSection(ProjectConfigurationPlatforms) = postSolution
		{9E25A400-3C5D-4D81-870B-07EAA295CC5A}.Debug|Any CPU.ActiveCfg = Debug|Any CPU
		{9E25A400-3C5D-4D81-870B-07EAA295CC5A}.Debug|Any CPU.Build.0 = Debug|Any CPU
		{9E25A400-3C5D-4D81-870B-07EAA295CC5A}.Release|Any CPU.ActiveCfg = Release|Any CPU
		{9E25A400-3C5D-4D81-870B-07EAA295CC5A}.Release|Any CPU.Build.0 = Release|Any CPU
		{3BFD8D2B-7051-4DE9-ACE4-90C536DE7AB4}.Debug|Any CPU.ActiveCfg = Debug|Any CPU
		{3BFD8D2B-7051-4DE9-ACE4-90C536DE7AB4}.Debug|Any CPU.Build.0 = Debug|Any CPU
		{3BFD8D2B-7051-4DE9-ACE4-90C536DE7AB4}.Release|Any CPU.ActiveCfg = Release|Any CPU
		{3BFD8D2B-7051-4DE9-ACE4-90C536DE7AB4}.Release|Any CPU.Build.0 = Release|Any CPU
		{60542DFC-BAA0-45FE-8391-8181ACD1E46C}.Debug|Any CPU.ActiveCfg = Debug|Any CPU
		{60542DFC-BAA0-45FE-8391-8181ACD1E46C}.Debug|Any CPU.Build.0 = Debug|Any CPU
		{60542DFC-BAA0-45FE-8391-8181ACD1E46C}.Release|Any CPU.ActiveCfg = Release|Any CPU
		{60542DFC-BAA0-45FE-8391-8181ACD1E46C}.Release|Any CPU.Build.0 = Release|Any CPU
		{61781C27-892A-49AC-AFE2-4973F92DBF22}.Debug|Any CPU.ActiveCfg = Debug|Any CPU
		{61781C27-892A-49AC-AFE2-4973F92DBF22}.Debug|Any CPU.Build.0 = Debug|Any CPU
		{61781C27-892A-49AC-AFE2-4973F92DBF22}.Release|Any CPU.ActiveCfg = Release|Any CPU
		{61781C27-892A-49AC-AFE2-4973F92DBF22}.Release|Any CPU.Build.0 = Release|Any CPU
	EndGlobalSection
	GlobalSection(SolutionProperties) = preSolution
		HideSolutionNode = FALSE
	EndGlobalSection
	GlobalSection(ExtensibilityGlobals) = postSolution
		SolutionGuid = {9E02B68F-0EB5-41EC-AC9E-3945CEB6862E}
	EndGlobalSection
EndGlobal
